GITHUBTARBALL
  remote: boxen/puppet-boxen
  specs:
    boxen (3.10.4)

GITHUBTARBALL
  remote: boxen/puppet-brewcask
  specs:
    brewcask (0.0.6)

GITHUBTARBALL
  remote: boxen/puppet-gcc
  specs:
    gcc (2.2.1)

GITHUBTARBALL
  remote: boxen/puppet-git
  specs:
    git (2.7.9)

GITHUBTARBALL
  remote: boxen/puppet-homebrew
  specs:
    homebrew (1.12.0)

GITHUBTARBALL
  remote: boxen/puppet-hub
  specs:
    hub (1.4.1)

GITHUBTARBALL
  remote: boxen/puppet-repository
  specs:
    repository (2.4.1)

GITHUBTARBALL
  remote: boxen/puppet-ruby
  specs:
    ruby (8.5.2)

GITHUBTARBALL
  remote: boxen/puppet-sudo
  specs:
    sudo (1.0.0)

GITHUBTARBALL
  remote: puppetlabs/puppetlabs-stdlib
  specs:
    stdlib (4.6.0)

GITHUBTARBALL
  remote: rafaelfranca/puppetlabs-inifile
  specs:
    inifile (0.10.0)

GITHUBTARBALL
  remote: ripienaar/puppet-module-data
  specs:
    module_data (0.0.3)

DEPENDENCIES
  boxen (= 3.10.4)
  brewcask (= 0.0.6)
  gcc (= 2.2.1)
  git (= 2.7.9)
  homebrew (= 1.12.0)
  hub (= 1.4.1)
  inifile (= 0.10.0)
  module_data (= 0.0.3)
  repository (= 2.4.1)
  ruby (= 8.5.2)
  stdlib (= 4.6.0)
  sudo (= 1.0.0)

